
Microsoft Visual Studio Solution File, Format Version 12.00
# Visual Studio Version 17
VisualStudioVersion = 17.8.34309.116
MinimumVisualStudioVersion = 10.0.40219.1
Project("{FAE04EC0-301F-11D3-BF4B-00C04F79EFBC}") = "SistemaGestaoEstoque", "SistemaGestaoEstoque\SistemaGestaoEstoque.csproj", "{F30B5277-1E2C-4DD0-8B09-C92B3306A3E8}"
EndProject
Project("{FAE04EC0-301F-11D3-BF4B-00C04F79EFBC}") = "Domain", "Domain\Domain.csproj", "{FB4D0065-4A32-4AB4-81B6-200BB825C5AD}"
EndProject
Project("{FAE04EC0-301F-11D3-BF4B-00C04F79EFBC}") = "Infrastructure", "Infrastructure\Infrastructure.csproj", "{35C588DD-341D-4BD1-A0E2-D0FFDC0A3992}"
EndProject
Project("{FAE04EC0-301F-11D3-BF4B-00C04F79EFBC}") = "Api", "Api\Api.csproj", "{6C98CBDF-515D-4F47-B67C-C88C068B28D7}"
EndProject
Project("{FAE04EC0-301F-11D3-BF4B-00C04F79EFBC}") = "Shared", "Shared\Shared.csproj", "{E677CBC5-4374-466B-BE9B-8DF038998B54}"
EndProject
Global
	GlobalSection(SolutionConfigurationPlatforms) = preSolution
		Debug|Any CPU = Debug|Any CPU
		Release|Any CPU = Release|Any CPU
	EndGlobalSection
	GlobalSection(ProjectConfigurationPlatforms) = postSolution
		{F30B5277-1E2C-4DD0-8B09-C92B3306A3E8}.Debug|Any CPU.ActiveCfg = Debug|Any CPU
		{F30B5277-1E2C-4DD0-8B09-C92B3306A3E8}.Debug|Any CPU.Build.0 = Debug|Any CPU
		{F30B5277-1E2C-4DD0-8B09-C92B3306A3E8}.Release|Any CPU.ActiveCfg = Release|Any CPU
		{F30B5277-1E2C-4DD0-8B09-C92B3306A3E8}.Release|Any CPU.Build.0 = Release|Any CPU
		{FB4D0065-4A32-4AB4-81B6-200BB825C5AD}.Debug|Any CPU.ActiveCfg = Debug|Any CPU
		{FB4D0065-4A32-4AB4-81B6-200BB825C5AD}.Debug|Any CPU.Build.0 = Debug|Any CPU
		{FB4D0065-4A32-4AB4-81B6-200BB825C5AD}.Release|Any CPU.ActiveCfg = Release|Any CPU
		{FB4D0065-4A32-4AB4-81B6-200BB825C5AD}.Release|Any CPU.Build.0 = Release|Any CPU
		{35C588DD-341D-4BD1-A0E2-D0FFDC0A3992}.Debug|Any CPU.ActiveCfg = Debug|Any CPU
		{35C588DD-341D-4BD1-A0E2-D0FFDC0A3992}.Debug|Any CPU.Build.0 = Debug|Any CPU
		{35C588DD-341D-4BD1-A0E2-D0FFDC0A3992}.Release|Any CPU.ActiveCfg = Release|Any CPU
		{35C588DD-341D-4BD1-A0E2-D0FFDC0A3992}.Release|Any CPU.Build.0 = Release|Any CPU
		{6C98CBDF-515D-4F47-B67C-C88C068B28D7}.Debug|Any CPU.ActiveCfg = Debug|Any CPU
		{6C98CBDF-515D-4F47-B67C-C88C068B28D7}.Debug|Any CPU.Build.0 = Debug|Any CPU
		{6C98CBDF-515D-4F47-B67C-C88C068B28D7}.Release|Any CPU.ActiveCfg = Release|Any CPU
		{6C98CBDF-515D-4F47-B67C-C88C068B28D7}.Release|Any CPU.Build.0 = Release|Any CPU
		{E677CBC5-4374-466B-BE9B-8DF038998B54}.Debug|Any CPU.ActiveCfg = Debug|Any CPU
		{E677CBC5-4374-466B-BE9B-8DF038998B54}.Debug|Any CPU.Build.0 = Debug|Any CPU
		{E677CBC5-4374-466B-BE9B-8DF038998B54}.Release|Any CPU.ActiveCfg = Release|Any CPU
		{E677CBC5-4374-466B-BE9B-8DF038998B54}.Release|Any CPU.Build.0 = Release|Any CPU
	EndGlobalSection
	GlobalSection(SolutionProperties) = preSolution
		HideSolutionNode = FALSE
	EndGlobalSection
	GlobalSection(ExtensibilityGlobals) = postSolution
		SolutionGuid = {E43A26A8-4BB8-4334-BA7D-3A7E397AFF8D}
	EndGlobalSection
EndGlobal
